{
  "version": 1,
  "dependencies": {
    "net10.0": {
      "libsodium": {
        "type": "Transitive",
        "resolved": "1.0.22",
        "contentHash": "KPD9SloJFclrsjnhABu7dzWrcyYkwPbvx5l1gRSPAX/0n+OBtSiVCKtGFv4n+ecWUHU0tCG9LSSwoZZx673zBQ=="
      },
      "Microsoft.Data.Sqlite.Core": {
        "type": "Transitive",
        "resolved": "10.0.9",
        "contentHash": "iZrONyMKPjxfVZnUktqO30QjzNwAGH+AxM61s8lKQnVhgbQ3bn0hiXI129ZmVicEbIcwljyy2OVsIYUR51ZHKQ==",
        "dependencies": {
          "SQLitePCLRaw.core": "2.1.11"
        }
      },
      "Sodium.Core": {
        "type": "Transitive",
        "resolved": "1.4.1",
        "contentHash": "K1Xhi20h9H15UPOa6NDNgW81NYN6AAvVT+v0Jz3n1qLS/nqiWzamWCyHyFxgoriCEMA90L1KQbYrIqBH+zKbrg==",
        "dependencies": {
          "libsodium": "[1.0.22, 1.0.23)"
        }
      },
      "SQLitePCLRaw.bundle_e_sqlcipher": {
        "type": "Transitive",
        "resolved": "2.1.11",
        "contentHash": "NFuxa/rD3Ah88jbFOgsoUjuWcLiBkj3iqgO2gJXola9NtjtCTRI3HMQtVjQDnrhCvdBOAJ4RqbwnqoEMLht8GQ==",
        "dependencies": {
          "SQLitePCLRaw.lib.e_sqlcipher": "2.1.11",
          "SQLitePCLRaw.provider.e_sqlcipher": "2.1.11"
        }
      },
      "SQLitePCLRaw.core": {
        "type": "Transitive",
        "resolved": "2.1.11",
        "contentHash": "PK0GLFkfhZzLQeR3PJf71FmhtHox+U3vcY6ZtswoMjrefkB9k6ErNJEnwXqc5KgXDSjige2XXrezqS39gkpQKA=="
      },
      "SQLitePCLRaw.lib.e_sqlcipher": {
        "type": "Transitive",
        "resolved": "2.1.11",
        "contentHash": "Cg6UPeDbH8jyaOs1vqXYIgeewH0wYrBnmbC5Ml3GYBo+GKzNmyxrWSO52JV68bfB7Addt/PZLMekJV1RH2ftWQ=="
      },
      "SQLitePCLRaw.provider.e_sqlcipher": {
        "type": "Transitive",
        "resolved": "2.1.11",
        "contentHash": "5L7YXWtPzKYHeXBHmj63QsHbLQmy0SYvhQp3xWA2yzSq1SvlnGFViveLfUDr/GEmePrqzXQ9tOJG9iQnFspfBA==",
        "dependencies": {
          "SQLitePCLRaw.core": "2.1.11"
        }
      },
      "deep.client.shared": {
        "type": "Project",
        "dependencies": {
          "Deep.Protocol": "[1.0.0, )",
          "Deep.Protocol.MembershipRoutes": "[0.1.0-p16.local, )",
          "Deep.Protocol.ProfileCarrier": "[0.4.0-survival.e570512, )",
          "Microsoft.Data.Sqlite.Core": "[10.0.9, )",
          "SQLitePCLRaw.bundle_e_sqlcipher": "[2.1.11, )",
          "Sodium.Core": "[1.4.1, )"
        }
      },
      "deep.protocol": {
        "type": "Project",
        "dependencies": {
          "Sodium.Core": "[1.4.1, 1.4.1]"
        }
      },
      "deep.protocol.membershiproutes": {
        "type": "Project",
        "dependencies": {
          "Deep.Protocol": "[1.0.0, )"
        }
      },
      "deep.protocol.profilecarrier": {
        "type": "Project",
        "dependencies": {
          "Deep.Protocol": "[1.0.0, )",
          "Sodium.Core": "[1.4.1, 1.4.1]",
          "libsodium": "[1.0.22, 1.0.22]"
        }
      }
    }
  }
}